// !$*UTF8*$!
{
	archiveVersion = 1;
	classes = {
	};
	objectVersion = 50;
	objects = {

/* Begin PBXBuildFile section */
		7D18BF2C21275C9E00DB44D1 /* AppDelegate.swift in Sources */ = {isa = PBXBuildFile; fileRef = 7D18BF2B21275C9E00DB44D1 /* AppDelegate.swift */; };
		7D18BF2E21275C9E00DB44D1 /* ViewController.swift in Sources */ = {isa = PBXBuildFile; fileRef = 7D18BF2D21275C9E00DB44D1 /* ViewController.swift */; };
		7D18BF3121275C9E00DB44D1 /* Main.storyboard in Resources */ = {isa = PBXBuildFile; fileRef = 7D18BF2F21275C9E00DB44D1 /* Main.storyboard */; };
		7D18BF3621275C9E00DB44D1 /* LaunchScreen.storyboard in Resources */ = {isa = PBXBuildFile; fileRef = 7D18BF3421275C9E00DB44D1 /* LaunchScreen.storyboard */; };
		7D18BF3F21275D6200DB44D1 /* Task1.storyboard in Resources */ = {isa = PBXBuildFile; fileRef = 7D18BF3D21275D6200DB44D1 /* Task1.storyboard */; };
		7D18BF4121275F4D00DB44D1 /* Task2.storyboard in Resources */ = {isa = PBXBuildFile; fileRef = 7D18BF4021275F4D00DB44D1 /* Task2.storyboard */; };
		7D18BF4421275FEA00DB44D1 /* Task3.storyboard in Resources */ = {isa = PBXBuildFile; fileRef = 7D18BF4221275FEA00DB44D1 /* Task3.storyboard */; };
		7D18BF482127B15800DB44D1 /* Assets.xcassets in Resources */ = {isa = PBXBuildFile; fileRef = 7D18BF472127B15800DB44D1 /* Assets.xcassets */; };
		7D18BF4A2127C65700DB44D1 /* Task1ViewController.swift in Sources */ = {isa = PBXBuildFile; fileRef = 7D18BF492127C65700DB44D1 /* Task1ViewController.swift */; };
		7D18BF4C2127C69F00DB44D1 /* Task2ViewController.swift in Sources */ = {isa = PBXBuildFile; fileRef = 7D18BF4B2127C69F00DB44D1 /* Task2ViewController.swift */; };
		7D18BF4E2127C6B100DB44D1 /* Task3ViewController.swift in Sources */ = {isa = PBXBuildFile; fileRef = 7D18BF4D2127C6B100DB44D1 /* Task3ViewController.swift */; };
		7D18BF552127CD5500DB44D1 /* Task2.txt in Resources */ = {isa = PBXBuildFile; fileRef = 7D18BF512127CD5500DB44D1 /* Task2.txt */; };
		7D18BF562127CD5500DB44D1 /* Task1.txt in Resources */ = {isa = PBXBuildFile; fileRef = 7D18BF522127CD5500DB44D1 /* Task1.txt */; };
		7D18BF59212A2C7D00DB44D1 /* Task1_Solution.swift in Sources */ = {isa = PBXBuildFile; fileRef = 7D18BF58212A2C7D00DB44D1 /* Task1_Solution.swift */; };
		7D18BF5B212AF07A00DB44D1 /* Task2_Solution.swift in Sources */ = {isa = PBXBuildFile; fileRef = 7D18BF5A212AF07A00DB44D1 /* Task2_Solution.swift */; };
		7D18BF61212B1E7D00DB44D1 /* Task3.txt in Resources */ = {isa = PBXBuildFile; fileRef = 7D18BF60212B1E7D00DB44D1 /* Task3.txt */; };
		7D18BF63212B2FCE00DB44D1 /* Task3_Solution.swift in Sources */ = {isa = PBXBuildFile; fileRef = 7D18BF62212B2FCE00DB44D1 /* Task3_Solution.swift */; };
/* End PBXBuildFile section */

/* Begin PBXFileReference section */
		7D18BF2821275C9E00DB44D1 /* Task3of3.app */ = {isa = PBXFileReference; explicitFileType = wrapper.application; includeInIndex = 0; path = Task3of3.app; sourceTree = BUILT_PRODUCTS_DIR; };
		7D18BF2B21275C9E00DB44D1 /* AppDelegate.swift */ = {isa = PBXFileReference; lastKnownFileType = sourcecode.swift; path = AppDelegate.swift; sourceTree = "<group>"; };
		7D18BF2D21275C9E00DB44D1 /* ViewController.swift */ = {isa = PBXFileReference; lastKnownFileType = sourcecode.swift; path = ViewController.swift; sourceTree = "<group>"; };
		7D18BF3021275C9E00DB44D1 /* Base */ = {isa = PBXFileReference; lastKnownFileType = file.storyboard; name = Base; path = Base.lproj/Main.storyboard; sourceTree = "<group>"; };
		7D18BF3521275C9E00DB44D1 /* Base */ = {isa = PBXFileReference; lastKnownFileType = file.storyboard; name = Base; path = Base.lproj/LaunchScreen.storyboard; sourceTree = "<group>"; };
		7D18BF3721275C9E00DB44D1 /* Info.plist */ = {isa = PBXFileReference; lastKnownFileType = text.plist.xml; path = Info.plist; sourceTree = "<group>"; };
		7D18BF3E21275D6200DB44D1 /* Base */ = {isa = PBXFileReference; lastKnownFileType = file.storyboard; name = Base; path = Task3of3/Base.lproj/Task1.storyboard; sourceTree = "<group>"; };
		7D18BF4021275F4D00DB44D1 /* Task2.storyboard */ = {isa = PBXFileReference; fileEncoding = 4; lastKnownFileType = file.storyboard; path = Task2.storyboard; sourceTree = "<group>"; };
		7D18BF4321275FEA00DB44D1 /* Base */ = {isa = PBXFileReference; lastKnownFileType = file.storyboard; name = Base; path = Task3of3/Base.lproj/Task3.storyboard; sourceTree = "<group>"; };
		7D18BF472127B15800DB44D1 /* Assets.xcassets */ = {isa = PBXFileReference; lastKnownFileType = folder.assetcatalog; path = Assets.xcassets; sourceTree = "<group>"; };
		7D18BF492127C65700DB44D1 /* Task1ViewController.swift */ = {isa = PBXFileReference; lastKnownFileType = sourcecode.swift; path = Task1ViewController.swift; sourceTree = "<group>"; };
		7D18BF4B2127C69F00DB44D1 /* Task2ViewController.swift */ = {isa = PBXFileReference; lastKnownFileType = sourcecode.swift; path = Task2ViewController.swift; sourceTree = "<group>"; };
		7D18BF4D2127C6B100DB44D1 /* Task3ViewController.swift */ = {isa = PBXFileReference; lastKnownFileType = sourcecode.swift; path = Task3ViewController.swift; sourceTree = "<group>"; };
		7D18BF512127CD5500DB44D1 /* Task2.txt */ = {isa = PBXFileReference; fileEncoding = 4; lastKnownFileType = text; path = Task2.txt; sourceTree = "<group>"; };
		7D18BF522127CD5500DB44D1 /* Task1.txt */ = {isa = PBXFileReference; fileEncoding = 4; lastKnownFileType = text; path = Task1.txt; sourceTree = "<group>"; };
		7D18BF58212A2C7D00DB44D1 /* Task1_Solution.swift */ = {isa = PBXFileReference; lastKnownFileType = sourcecode.swift; path = Task1_Solution.swift; sourceTree = "<group>"; };
		7D18BF5A212AF07A00DB44D1 /* Task2_Solution.swift */ = {isa = PBXFileReference; lastKnownFileType = sourcecode.swift; path = Task2_Solution.swift; sourceTree = "<group>"; };
		7D18BF60212B1E7D00DB44D1 /* Task3.txt */ = {isa = PBXFileReference; fileEncoding = 4; lastKnownFileType = text; path = Task3.txt; sourceTree = "<group>"; };
		7D18BF62212B2FCE00DB44D1 /* Task3_Solution.swift */ = {isa = PBXFileReference; lastKnownFileType = sourcecode.swift; path = Task3_Solution.swift; sourceTree = "<group>"; };
/* End PBXFileReference section */

/* Begin PBXFrameworksBuildPhase section */
		7D18BF2521275C9E00DB44D1 /* Frameworks */ = {
			isa = PBXFrameworksBuildPhase;
			buildActionMask = 2147483647;
			files = (
			);
			runOnlyForDeploymentPostprocessing = 0;
		};
/* End PBXFrameworksBuildPhase section */

/* Begin PBXGroup section */
		7D18BF1F21275C9E00DB44D1 = {
			isa = PBXGroup;
			children = (
				7D18BF4F2127CD3600DB44D1 /* Src */,
				7D18BF2A21275C9E00DB44D1 /* Task3of3 */,
				7D18BF2921275C9E00DB44D1 /* Products */,
			);
			sourceTree = "<group>";
		};
		7D18BF2921275C9E00DB44D1 /* Products */ = {
			isa = PBXGroup;
			children = (
				7D18BF2821275C9E00DB44D1 /* Task3of3.app */,
			);
			name = Products;
			sourceTree = "<group>";
		};
		7D18BF2A21275C9E00DB44D1 /* Task3of3 */ = {
			isa = PBXGroup;
			children = (
				7D18BF5F212B112D00DB44D1 /* Task3 */,
				7D18BF5E212B10EE00DB44D1 /* Task2 */,
				7D18BF5D212B10DA00DB44D1 /* Task1 */,
				7D18BF5C212B10AD00DB44D1 /* Menu */,
				7D18BF2B21275C9E00DB44D1 /* AppDelegate.swift */,
				7D18BF3421275C9E00DB44D1 /* LaunchScreen.storyboard */,
				7D18BF3721275C9E00DB44D1 /* Info.plist */,
				7D18BF472127B15800DB44D1 /* Assets.xcassets */,
			);
			path = Task3of3;
			sourceTree = "<group>";
		};
		7D18BF4F2127CD3600DB44D1 /* Src */ = {
			isa = PBXGroup;
			children = (
				7D18BF522127CD5500DB44D1 /* Task1.txt */,
				7D18BF512127CD5500DB44D1 /* Task2.txt */,
				7D18BF60212B1E7D00DB44D1 /* Task3.txt */,
			);
			path = Src;
			sourceTree = "<group>";
		};
		7D18BF5C212B10AD00DB44D1 /* Menu */ = {
			isa = PBXGroup;
			children = (
				7D18BF2F21275C9E00DB44D1 /* Main.storyboard */,
				7D18BF2D21275C9E00DB44D1 /* ViewController.swift */,
			);
			path = Menu;
			sourceTree = "<group>";
		};
		7D18BF5D212B10DA00DB44D1 /* Task1 */ = {
			isa = PBXGroup;
			children = (
				7D18BF3D21275D6200DB44D1 /* Task1.storyboard */,
				7D18BF492127C65700DB44D1 /* Task1ViewController.swift */,
				7D18BF58212A2C7D00DB44D1 /* Task1_Solution.swift */,
			);
			path = Task1;
			sourceTree = "<group>";
		};
		7D18BF5E212B10EE00DB44D1 /* Task2 */ = {
			isa = PBXGroup;
			children = (
				7D18BF4021275F4D00DB44D1 /* Task2.storyboard */,
				7D18BF4B2127C69F00DB44D1 /* Task2ViewController.swift */,
				7D18BF5A212AF07A00DB44D1 /* Task2_Solution.swift */,
			);
			path = Task2;
			sourceTree = "<group>";
		};
		7D18BF5F212B112D00DB44D1 /* Task3 */ = {
			isa = PBXGroup;
			children = (
				7D18BF4221275FEA00DB44D1 /* Task3.storyboard */,
				7D18BF4D2127C6B100DB44D1 /* Task3ViewController.swift */,
				7D18BF62212B2FCE00DB44D1 /* Task3_Solution.swift */,
			);
			path = Task3;
			sourceTree = "<group>";
		};
/* End PBXGroup section */

/* Begin PBXNativeTarget section */
		7D18BF2721275C9E00DB44D1 /* Task3of3 */ = {
			isa = PBXNativeTarget;
			buildConfigurationList = 7D18BF3A21275C9E00DB44D1 /* Build configuration list for PBXNativeTarget "Task3of3" */;
			buildPhases = (
				7D18BF2421275C9E00DB44D1 /* Sources */,
				7D18BF2521275C9E00DB44D1 /* Frameworks */,
				7D18BF2621275C9E00DB44D1 /* Resources */,
			);
			buildRules = (
			);
			dependencies = (
			);
			name = Task3of3;
			productName = Task3of3;
			productReference = 7D18BF2821275C9E00DB44D1 /* Task3of3.app */;
			productType = "com.apple.product-type.application";
		};
/* End PBXNativeTarget section */

/* Begin PBXProject section */
		7D18BF2021275C9E00DB44D1 /* Project object */ = {
			isa = PBXProject;
			attributes = {
				LastSwiftUpdateCheck = 0940;
				LastUpgradeCheck = 0940;
				ORGANIZATIONNAME = Jamie;
				TargetAttributes = {
					7D18BF2721275C9E00DB44D1 = {
						CreatedOnToolsVersion = 9.4.1;
					};
				};
			};
			buildConfigurationList = 7D18BF2321275C9E00DB44D1 /* Build configuration list for PBXProject "Task3of3" */;
			compatibilityVersion = "Xcode 9.3";
			developmentRegion = en;
			hasScannedForEncodings = 0;
			knownRegions = (
				en,
				Base,
			);
			mainGroup = 7D18BF1F21275C9E00DB44D1;
			productRefGroup = 7D18BF2921275C9E00DB44D1 /* Products */;
			projectDirPath = "";
			projectRoot = "";
			targets = (
				7D18BF2721275C9E00DB44D1 /* Task3of3 */,
			);
		};
/* End PBXProject section */

/* Begin PBXResourcesBuildPhase section */
		7D18BF2621275C9E00DB44D1 /* Resources */ = {
			isa = PBXResourcesBuildPhase;
			buildActionMask = 2147483647;
			files = (
				7D18BF3621275C9E00DB44D1 /* LaunchScreen.storyboard in Resources */,
				7D18BF4421275FEA00DB44D1 /* Task3.storyboard in Resources */,
				7D18BF3121275C9E00DB44D1 /* Main.storyboard in Resources */,
				7D18BF3F21275D6200DB44D1 /* Task1.storyboard in Resources */,
				7D18BF552127CD5500DB44D1 /* Task2.txt in Resources */,
				7D18BF482127B15800DB44D1 /* Assets.xcassets in Resources */,
				7D18BF61212B1E7D00DB44D1 /* Task3.txt in Resources */,
				7D18BF562127CD5500DB44D1 /* Task1.txt in Resources */,
				7D18BF4121275F4D00DB44D1 /* Task2.storyboard in Resources */,
			);
			runOnlyForDeploymentPostprocessing = 0;
		};
/* End PBXResourcesBuildPhase section */

/* Begin PBXSourcesBuildPhase section */
		7D18BF2421275C9E00DB44D1 /* Sources */ = {
			isa = PBXSourcesBuildPhase;
			buildActionMask = 2147483647;
			files = (
				7D18BF4C2127C69F00DB44D1 /* Task2ViewController.swift in Sources */,
				7D18BF63212B2FCE00DB44D1 /* Task3_Solution.swift in Sources */,
				7D18BF4A2127C65700DB44D1 /* Task1ViewController.swift in Sources */,
				7D18BF2E21275C9E00DB44D1 /* ViewController.swift in Sources */,
				7D18BF2C21275C9E00DB44D1 /* AppDelegate.swift in Sources */,
				7D18BF4E2127C6B100DB44D1 /* Task3ViewController.swift in Sources */,
				7D18BF5B212AF07A00DB44D1 /* Task2_Solution.swift in Sources */,
				7D18BF59212A2C7D00DB44D1 /* Task1_Solution.swift in Sources */,
			);
			runOnlyForDeploymentPostprocessing = 0;
		};
/* End PBXSourcesBuildPhase section */

/* Begin PBXVariantGroup section */
		7D18BF2F21275C9E00DB44D1 /* Main.storyboard */ = {
			isa = PBXVariantGroup;
			children = (
				7D18BF3021275C9E00DB44D1 /* Base */,
			);
			name = Main.storyboard;
			sourceTree = "<group>";
		};
		7D18BF3421275C9E00DB44D1 /* LaunchScreen.storyboard */ = {
			isa = PBXVariantGroup;
			children = (
				7D18BF3521275C9E00DB44D1 /* Base */,
			);
			name = LaunchScreen.storyboard;
			sourceTree = "<group>";
		};
		7D18BF3D21275D6200DB44D1 /* Task1.storyboard */ = {
			isa = PBXVariantGroup;
			children = (
				7D18BF3E21275D6200DB44D1 /* Base */,
			);
			name = Task1.storyboard;
			sourceTree = "<group>";
		};
		7D18BF4221275FEA00DB44D1 /* Task3.storyboard */ = {
			isa = PBXVariantGroup;
			children = (
				7D18BF4321275FEA00DB44D1 /* Base */,
			);
			name = Task3.storyboard;
			sourceTree = "<group>";
		};
/* End PBXVariantGroup section */

/* Begin XCBuildConfiguration section */
		7D18BF3821275C9E00DB44D1 /* Debug */ = {
			isa = XCBuildConfiguration;
			buildSettings = {
				ALWAYS_SEARCH_USER_PATHS = NO;
				CLANG_ANALYZER_NONNULL = YES;
				CLANG_ANALYZER_NUMBER_OBJECT_CONVERSION = YES_AGGRESSIVE;
				CLANG_CXX_LANGUAGE_STANDARD = "gnu++14";
				CLANG_CXX_LIBRARY = "libc++";
				CLANG_ENABLE_MODULES = YES;
				CLANG_ENABLE_OBJC_ARC = YES;
				CLANG_ENABLE_OBJC_WEAK = YES;
				CLANG_WARN_BLOCK_CAPTURE_AUTORELEASING = YES;
				CLANG_WARN_BOOL_CONVERSION = YES;
				CLANG_WARN_COMMA = YES;
				CLANG_WARN_CONSTANT_CONVERSION = YES;
				CLANG_WARN_DEPRECATED_OBJC_IMPLEMENTATIONS = YES;
				CLANG_WARN_DIRECT_OBJC_ISA_USAGE = YES_ERROR;
				CLANG_WARN_DOCUMENTATION_COMMENTS = YES;
				CLANG_WARN_EMPTY_BODY = YES;
				CLANG_WARN_ENUM_CONVERSION = YES;
				CLANG_WARN_INFINITE_RECURSION = YES;
				CLANG_WARN_INT_CONVERSION = YES;
				CLANG_WARN_NON_LITERAL_NULL_CONVERSION = YES;
				CLANG_WARN_OBJC_IMPLICIT_RETAIN_SELF = YES;
				CLANG_WARN_OBJC_LITERAL_CONVERSION = YES;
				CLANG_WARN_OBJC_ROOT_CLASS = YES_ERROR;
				CLANG_WARN_RANGE_LOOP_ANALYSIS = YES;
				CLANG_WARN_STRICT_PROTOTYPES = YES;
				CLANG_WARN_SUSPICIOUS_MOVE = YES;
				CLANG_WARN_UNGUARDED_AVAILABILITY = YES_AGGRESSIVE;
				CLANG_WARN_UNREACHABLE_CODE = YES;
				CLANG_WARN__DUPLICATE_METHOD_MATCH = YES;
				CODE_SIGN_IDENTITY = "iPhone Developer";
				COPY_PHASE_STRIP = NO;
				DEBUG_INFORMATION_FORMAT = dwarf;
				ENABLE_STRICT_OBJC_MSGSEND = YES;
				ENABLE_TESTABILITY = YES;
				GCC_C_LANGUAGE_STANDARD = gnu11;
				GCC_DYNAMIC_NO_PIC = NO;
				GCC_NO_COMMON_BLOCKS = YES;
				GCC_OPTIMIZATION_LEVEL = 0;
				GCC_PREPROCESSOR_DEFINITIONS = (
					"DEBUG=1",
					"$(inherited)",
				);
				GCC_WARN_64_TO_32_BIT_CONVERSION = YES;
				GCC_WARN_ABOUT_RETURN_TYPE = YES_ERROR;
				GCC_WARN_UNDECLARED_SELECTOR = YES;
				GCC_WARN_UNINITIALIZED_AUTOS = YES_AGGRESSIVE;
				GCC_WARN_UNUSED_FUNCTION = YES;
				GCC_WARN_UNUSED_VARIABLE = YES;
				IPHONEOS_DEPLOYMENT_TARGET = 11.4;
				MTL_ENABLE_DEBUG_INFO = YES;
				ONLY_ACTIVE_ARCH = YES;
				SDKROOT = iphoneos;
				SWIFT_ACTIVE_COMPILATION_CONDITIONS = DEBUG;
				SWIFT_OPTIMIZATION_LEVEL = "-Onone";
			};
			name = Debug;
		};
		7D18BF3921275C9E00DB44D1 /* Release */ = {
			isa = XCBuildConfiguration;
			buildSettings = {
				ALWAYS_SEARCH_USER_PATHS = NO;
				CLANG_ANALYZER_NONNULL = YES;
				CLANG_ANALYZER_NUMBER_OBJECT_CONVERSION = YES_AGGRESSIVE;
				CLANG_CXX_LANGUAGE_STANDARD = "gnu++14";
				CLANG_CXX_LIBRARY = "libc++";
				CLANG_ENABLE_MODULES = YES;
				CLANG_ENABLE_OBJC_ARC = YES;
				CLANG_ENABLE_OBJC_WEAK = YES;
				CLANG_WARN_BLOCK_CAPTURE_AUTORELEASING = YES;
				CLANG_WARN_BOOL_CONVERSION = YES;
				CLANG_WARN_COMMA = YES;
				CLANG_WARN_CONSTANT_CONVERSION = YES;
				CLANG_WARN_DEPRECATED_OBJC_IMPLEMENTATIONS = YES;
				CLANG_WARN_DIRECT_OBJC_ISA_USAGE = YES_ERROR;
				CLANG_WARN_DOCUMENTATION_COMMENTS = YES;
				CLANG_WARN_EMPTY_BODY = YES;
				CLANG_WARN_ENUM_CONVERSION = YES;
				CLANG_WARN_INFINITE_RECURSION = YES;
				CLANG_WARN_INT_CONVERSION = YES;
				CLANG_WARN_NON_LITERAL_NULL_CONVERSION = YES;
				CLANG_WARN_OBJC_IMPLICIT_RETAIN_SELF = YES;
				CLANG_WARN_OBJC_LITERAL_CONVERSION = YES;
				CLANG_WARN_OBJC_ROOT_CLASS = YES_ERROR;
				CLANG_WARN_RANGE_LOOP_ANALYSIS = YES;
				CLANG_WARN_STRICT_PROTOTYPES = YES;
				CLANG_WARN_SUSPICIOUS_MOVE = YES;
				CLANG_WARN_UNGUARDED_AVAILABILITY = YES_AGGRESSIVE;
				CLANG_WARN_UNREACHABLE_CODE = YES;
				CLANG_WARN__DUPLICATE_METHOD_MATCH = YES;
				CODE_SIGN_IDENTITY = "iPhone Developer";
				COPY_PHASE_STRIP = NO;
				DEBUG_INFORMATION_FORMAT = "dwarf-with-dsym";
				ENABLE_NS_ASSERTIONS = NO;
				ENABLE_STRICT_OBJC_MSGSEND = YES;
				GCC_C_LANGUAGE_STANDARD = gnu11;
				GCC_NO_COMMON_BLOCKS = YES;
				GCC_WARN_64_TO_32_BIT_CONVERSION = YES;
				GCC_WARN_ABOUT_RETURN_TYPE = YES_ERROR;
				GCC_WARN_UNDECLARED_SELECTOR = YES;
				GCC_WARN_UNINITIALIZED_AUTOS = YES_AGGRESSIVE;
				GCC_WARN_UNUSED_FUNCTION = YES;
				GCC_WARN_UNUSED_VARIABLE = YES;
				IPHONEOS_DEPLOYMENT_TARGET = 11.4;
				MTL_ENABLE_DEBUG_INFO = NO;
				SDKROOT = iphoneos;
				SWIFT_COMPILATION_MODE = wholemodule;
				SWIFT_OPTIMIZATION_LEVEL = "-O";
				VALIDATE_PRODUCT = YES;
			};
			name = Release;
		};
		7D18BF3B21275C9E00DB44D1 /* Debug */ = {
			isa = XCBuildConfiguration;
			buildSettings = {
				ASSETCATALOG_COMPILER_APPICON_NAME = AppIcon;
				CODE_SIGN_STYLE = Automatic;
				DEVELOPMENT_TEAM = J9A5W5793R;
				INFOPLIST_FILE = Task3of3/Info.plist;
				LD_RUNPATH_SEARCH_PATHS = (
					"$(inherited)",
					"@executable_path/Frameworks",
				);
				PRODUCT_BUNDLE_IDENTIFIER = JamieCCH.Task3of3;
				PRODUCT_NAME = "$(TARGET_NAME)";
				SWIFT_VERSION = 4.0;
				TARGETED_DEVICE_FAMILY = "1,2";
			};
			name = Debug;
		};
		7D18BF3C21275C9E00DB44D1 /* Release */ = {
			isa = XCBuildConfiguration;
			buildSettings = {
				ASSETCATALOG_COMPILER_APPICON_NAME = AppIcon;
				CODE_SIGN_STYLE = Automatic;
				DEVELOPMENT_TEAM = J9A5W5793R;
				INFOPLIST_FILE = Task3of3/Info.plist;
				LD_RUNPATH_SEARCH_PATHS = (
					"$(inherited)",
					"@executable_path/Frameworks",
				);
				PRODUCT_BUNDLE_IDENTIFIER = JamieCCH.Task3of3;
				PRODUCT_NAME = "$(TARGET_NAME)";
				SWIFT_VERSION = 4.0;
				TARGETED_DEVICE_FAMILY = "1,2";
			};
			name = Release;
		};
/* End XCBuildConfiguration section */

/* Begin XCConfigurationList section */
		7D18BF2321275C9E00DB44D1 /* Build configuration list for PBXProject "Task3of3" */ = {
			isa = XCConfigurationList;
			buildConfigurations = (
				7D18BF3821275C9E00DB44D1 /* Debug */,
				7D18BF3921275C9E00DB44D1 /* Release */,
			);
			defaultConfigurationIsVisible = 0;
			defaultConfigurationName = Release;
		};
		7D18BF3A21275C9E00DB44D1 /* Build configuration list for PBXNativeTarget "Task3of3" */ = {
			isa = XCConfigurationList;
			buildConfigurations = (
				7D18BF3B21275C9E00DB44D1 /* Debug */,
				7D18BF3C21275C9E00DB44D1 /* Release */,
			);
			defaultConfigurationIsVisible = 0;
			defaultConfigurationName = Release;
		};
/* End XCConfigurationList section */
	};
	rootObject = 7D18BF2021275C9E00DB44D1 /* Project object */;
}
